# This file is generated by running "yarn install" inside your project.
# Manual changes might be lost - proceed with caution!

__metadata:
  version: 4
  cacheKey: 7

"sdk@boourns/webaudiomodule#workspace=sdk":
  version: 0.0.1
  resolution: "sdk@https://github.com/boourns/webaudiomodule.git#workspace=sdk&commit=64cbc3ab2d0c875f03fbcb907741cc6dae910096"
  checksum: 8a6cb629535d321629abbe5302c6dc0e0d58da86437895ea02a09ada6b832546339d515a536bff654c9e57b3ff34f806f2052d6fc3adea7cc453c38aedc4762b
  languageName: node
  linkType: hard

"wam-extensions@workspace:.":
  version: 0.0.0-use.local
  resolution: "wam-extensions@workspace:."
  dependencies:
    sdk: "boourns/webaudiomodule#workspace=sdk"
  languageName: unknown
  linkType: soft
