# This file is generated by running "yarn install" inside your project.
# Manual changes might be lost - proceed with caution!

__metadata:
  version: 4
  cacheKey: 7

"@webaudiomodules/api@webaudiomodules/api#commit=84892b520213872f79f7d3d9ff443e05782cc4fe":
  version: 2.0.0-alpha.1
  resolution: "@webaudiomodules/api@https://github.com/webaudiomodules/api.git#commit=84892b520213872f79f7d3d9ff443e05782cc4fe"
  checksum: a44e3a6c3483f43d93cd4f74cda33f8b7e97b9b5ab765d02f91a964e9148f768eee884829591b9defddcc7812a928127ad9ab508aef4829e63156a59b9c64ca4
  languageName: node
  linkType: hard

"wam-extensions@workspace:.":
  version: 0.0.0-use.local
  resolution: "wam-extensions@workspace:."
  dependencies:
    "@webaudiomodules/api": "webaudiomodules/api#commit=84892b520213872f79f7d3d9ff443e05782cc4fe"
  peerDependencies:
    "@webaudiomodules/api": "*"
  languageName: unknown
  linkType: soft
