# This file is generated by running "yarn install" inside your project.
# Manual changes might be lost - proceed with caution!

__metadata:
  version: 4
  cacheKey: 7

"sdk@53js/webaudiomodule#workspace=sdk":
  version: 0.0.1
  resolution: "sdk@https://github.com/53js/webaudiomodule.git#workspace=sdk&commit=d6b1294fca049bf2dda4476fb4fc4d9732debecf"
  checksum: 4bb548099df84637a8af1f6b4b21babb61619c90d164d0c2d8195ec445cb1d99385161e10d14cf02cf3b0a1ae0a7f6e67caa15dd5cd4efd5ff86b41f6b97ae26
  languageName: node
  linkType: hard

"wam-extensions@workspace:.":
  version: 0.0.0-use.local
  resolution: "wam-extensions@workspace:."
  dependencies:
    sdk: "53js/webaudiomodule#workspace=sdk"
  peerDependencies:
    sdk: "*"
  languageName: unknown
  linkType: soft
